
Microsoft Visual Studio Solution File, Format Version 12.00
# Visual Studio 15
VisualStudioVersion = 15.0.26430.6
MinimumVisualStudioVersion = 10.0.40219.1
Project("{FAE04EC0-301F-11D3-BF4B-00C04F79EFBC}") = "Entity_CodeFirst", "Entity_CodeFirst\Entity_CodeFirst.csproj", "{8D082CC9-5996-4400-A5AE-5DA36B8C682F}"
EndProject
Project("{FAE04EC0-301F-11D3-BF4B-00C04F79EFBC}") = "Services", "Services\Services.csproj", "{7701791E-0221-4A8B-BEEF-F7CF01D96FF3}"
EndProject
Project("{FAE04EC0-301F-11D3-BF4B-00C04F79EFBC}") = "WebAPI", "WebAPI\WebAPI.csproj", "{FF91D36B-A017-47A3-B8BD-02EBB9C5ECED}"
EndProject
Global
	GlobalSection(SolutionConfigurationPlatforms) = preSolution
		Debug|Any CPU = Debug|Any CPU
		Release|Any CPU = Release|Any CPU
	EndGlobalSection
	GlobalSection(ProjectConfigurationPlatforms) = postSolution
		{8D082CC9-5996-4400-A5AE-5DA36B8C682F}.Debug|Any CPU.ActiveCfg = Debug|Any CPU
		{8D082CC9-5996-4400-A5AE-5DA36B8C682F}.Debug|Any CPU.Build.0 = Debug|Any CPU
		{8D082CC9-5996-4400-A5AE-5DA36B8C682F}.Release|Any CPU.ActiveCfg = Release|Any CPU
		{8D082CC9-5996-4400-A5AE-5DA36B8C682F}.Release|Any CPU.Build.0 = Release|Any CPU
		{7701791E-0221-4A8B-BEEF-F7CF01D96FF3}.Debug|Any CPU.ActiveCfg = Debug|Any CPU
		{7701791E-0221-4A8B-BEEF-F7CF01D96FF3}.Debug|Any CPU.Build.0 = Debug|Any CPU
		{7701791E-0221-4A8B-BEEF-F7CF01D96FF3}.Release|Any CPU.ActiveCfg = Release|Any CPU
		{7701791E-0221-4A8B-BEEF-F7CF01D96FF3}.Release|Any CPU.Build.0 = Release|Any CPU
		{FF91D36B-A017-47A3-B8BD-02EBB9C5ECED}.Debug|Any CPU.ActiveCfg = Debug|Any CPU
		{FF91D36B-A017-47A3-B8BD-02EBB9C5ECED}.Debug|Any CPU.Build.0 = Debug|Any CPU
		{FF91D36B-A017-47A3-B8BD-02EBB9C5ECED}.Release|Any CPU.ActiveCfg = Release|Any CPU
		{FF91D36B-A017-47A3-B8BD-02EBB9C5ECED}.Release|Any CPU.Build.0 = Release|Any CPU
	EndGlobalSection
	GlobalSection(SolutionProperties) = preSolution
		HideSolutionNode = FALSE
	EndGlobalSection
EndGlobal
